
Microsoft Visual Studio Solution File, Format Version 12.00
# Visual Studio Version 17
VisualStudioVersion = 17.6.33723.286
MinimumVisualStudioVersion = 10.0.40219.1
Project("{FAE04EC0-301F-11D3-BF4B-00C04F79EFBC}") = "FourthChallenge", "FourthChallenge\FourthChallenge.csproj", "{1FA0B747-DC89-4957-8D4D-258C4F407487}"
EndProject
Global
	GlobalSection(SolutionConfigurationPlatforms) = preSolution
		Debug|Any CPU = Debug|Any CPU
		Release|Any CPU = Release|Any CPU
	EndGlobalSection
	GlobalSection(ProjectConfigurationPlatforms) = postSolution
		{1FA0B747-DC89-4957-8D4D-258C4F407487}.Debug|Any CPU.ActiveCfg = Debug|Any CPU
		{1FA0B747-DC89-4957-8D4D-258C4F407487}.Debug|Any CPU.Build.0 = Debug|Any CPU
		{1FA0B747-DC89-4957-8D4D-258C4F407487}.Release|Any CPU.ActiveCfg = Release|Any CPU
		{1FA0B747-DC89-4957-8D4D-258C4F407487}.Release|Any CPU.Build.0 = Release|Any CPU
	EndGlobalSection
	GlobalSection(SolutionProperties) = preSolution
		HideSolutionNode = FALSE
	EndGlobalSection
	GlobalSection(ExtensibilityGlobals) = postSolution
		SolutionGuid = {DC38D765-B612-4B40-9632-1967BFC52350}
	EndGlobalSection
EndGlobal
